
Microsoft Visual Studio Solution File, Format Version 12.00
# Visual Studio Version 16
VisualStudioVersion = 16.0.31702.278
MinimumVisualStudioVersion = 10.0.40219.1
Project("{FAE04EC0-301F-11D3-BF4B-00C04F79EFBC}") = "ConexaoRemotaTS", "ConexaoRemotaTS\ConexaoRemotaTS.csproj", "{BEE2451E-4086-4022-A22E-331774828B12}"
EndProject
Global
	GlobalSection(SolutionConfigurationPlatforms) = preSolution
		Debug|Any CPU = Debug|Any CPU
		Release|Any CPU = Release|Any CPU
	EndGlobalSection
	GlobalSection(ProjectConfigurationPlatforms) = postSolution
		{BEE2451E-4086-4022-A22E-331774828B12}.Debug|Any CPU.ActiveCfg = Debug|Any CPU
		{BEE2451E-4086-4022-A22E-331774828B12}.Debug|Any CPU.Build.0 = Debug|Any CPU
		{BEE2451E-4086-4022-A22E-331774828B12}.Release|Any CPU.ActiveCfg = Release|Any CPU
		{BEE2451E-4086-4022-A22E-331774828B12}.Release|Any CPU.Build.0 = Release|Any CPU
	EndGlobalSection
	GlobalSection(SolutionProperties) = preSolution
		HideSolutionNode = FALSE
	EndGlobalSection
	GlobalSection(ExtensibilityGlobals) = postSolution
		SolutionGuid = {B2832CD1-1ED1-46CB-8998-9B5E3BF092E2}
	EndGlobalSection
EndGlobal
